
Microsoft Visual Studio Solution File, Format Version 12.00
# Visual Studio Version 16
VisualStudioVersion = 16.0.29306.81
MinimumVisualStudioVersion = 10.0.40219.1
Project("{FAE04EC0-301F-11D3-BF4B-00C04F79EFBC}") = "Expense Tracker", "Expense Tracker\Expense Tracker.csproj", "{413DD930-8863-465A-9F23-86A27941E12C}"
EndProject
Global
	GlobalSection(SolutionConfigurationPlatforms) = preSolution
		Debug|Any CPU = Debug|Any CPU
		Release|Any CPU = Release|Any CPU
	EndGlobalSection
	GlobalSection(ProjectConfigurationPlatforms) = postSolution
		{413DD930-8863-465A-9F23-86A27941E12C}.Debug|Any CPU.ActiveCfg = Debug|Any CPU
		{413DD930-8863-465A-9F23-86A27941E12C}.Debug|Any CPU.Build.0 = Debug|Any CPU
		{413DD930-8863-465A-9F23-86A27941E12C}.Release|Any CPU.ActiveCfg = Release|Any CPU
		{413DD930-8863-465A-9F23-86A27941E12C}.Release|Any CPU.Build.0 = Release|Any CPU
	EndGlobalSection
	GlobalSection(SolutionProperties) = preSolution
		HideSolutionNode = FALSE
	EndGlobalSection
	GlobalSection(ExtensibilityGlobals) = postSolution
		SolutionGuid = {A4175C7C-9B05-4867-B016-7A6DACC76850}
	EndGlobalSection
EndGlobal
